
Microsoft Visual Studio Solution File, Format Version 12.00
# Visual Studio Version 16
VisualStudioVersion = 16.0.30320.27
MinimumVisualStudioVersion = 10.0.40219.1
Project("{FAE04EC0-301F-11D3-BF4B-00C04F79EFBC}") = "BergersCode", "BergersCode\BergersCode.csproj", "{0B77FF24-0B9D-48A8-B13A-C95E5280159D}"
EndProject
Global
	GlobalSection(SolutionConfigurationPlatforms) = preSolution
		Debug|Any CPU = Debug|Any CPU
		Release|Any CPU = Release|Any CPU
	EndGlobalSection
	GlobalSection(ProjectConfigurationPlatforms) = postSolution
		{0B77FF24-0B9D-48A8-B13A-C95E5280159D}.Debug|Any CPU.ActiveCfg = Debug|Any CPU
		{0B77FF24-0B9D-48A8-B13A-C95E5280159D}.Debug|Any CPU.Build.0 = Debug|Any CPU
		{0B77FF24-0B9D-48A8-B13A-C95E5280159D}.Release|Any CPU.ActiveCfg = Release|Any CPU
		{0B77FF24-0B9D-48A8-B13A-C95E5280159D}.Release|Any CPU.Build.0 = Release|Any CPU
	EndGlobalSection
	GlobalSection(SolutionProperties) = preSolution
		HideSolutionNode = FALSE
	EndGlobalSection
	GlobalSection(ExtensibilityGlobals) = postSolution
		SolutionGuid = {DBA6AE83-5548-4747-AE94-D419B570A1D2}
	EndGlobalSection
EndGlobal
